
Microsoft Visual Studio Solution File, Format Version 12.00
# Visual Studio Version 16
VisualStudioVersion = 16.0.31025.194
MinimumVisualStudioVersion = 10.0.40219.1
Project("{2150E333-8FDC-42A3-9474-1A3956D46DE8}") = "src", "src", "{4321432D-BC3C-417C-842F-74777CBB596D}"
	ProjectSection(SolutionItems) = preProject
		Dockerfile = Dockerfile
		docker-compose.yml = docker-compose.yml
		entrypoint.sh = entrypoint.sh
	EndProjectSection
EndProject
Project("{9A19103F-16F7-4668-BE54-9A1E7A4F7556}") = "iuca.Application", "iuca.Core\iuca.Application.csproj", "{DF43075D-0CA9-43AD-A640-31FA4376B564}"
EndProject
Project("{9A19103F-16F7-4668-BE54-9A1E7A4F7556}") = "iuca.Domain", "iuca.Domain\iuca.Domain.csproj", "{E9DF6673-CF01-4C04-BE81-5D3D4B80608B}"
EndProject
Project("{FAE04EC0-301F-11D3-BF4B-00C04F79EFBC}") = "iuca.Infrastructure", "iuca.Infrastructure\iuca.Infrastructure.csproj", "{AF95D2D5-8097-4D93-998A-A125C899EDB2}"
EndProject
Project("{9A19103F-16F7-4668-BE54-9A1E7A4F7556}") = "iuca.Web", "iuca.Web\iuca.Web.csproj", "{FE5FFB4D-31E2-45D7-8A3D-B5F9AB5F63A9}"
EndProject
Global
	GlobalSection(SolutionConfigurationPlatforms) = preSolution
		Debug|Any CPU = Debug|Any CPU
		Release|Any CPU = Release|Any CPU
	EndGlobalSection
	GlobalSection(ProjectConfigurationPlatforms) = postSolution
		{DF43075D-0CA9-43AD-A640-31FA4376B564}.Debug|Any CPU.ActiveCfg = Debug|Any CPU
		{DF43075D-0CA9-43AD-A640-31FA4376B564}.Debug|Any CPU.Build.0 = Debug|Any CPU
		{DF43075D-0CA9-43AD-A640-31FA4376B564}.Release|Any CPU.ActiveCfg = Release|Any CPU
		{DF43075D-0CA9-43AD-A640-31FA4376B564}.Release|Any CPU.Build.0 = Release|Any CPU
		{E9DF6673-CF01-4C04-BE81-5D3D4B80608B}.Debug|Any CPU.ActiveCfg = Debug|Any CPU
		{E9DF6673-CF01-4C04-BE81-5D3D4B80608B}.Debug|Any CPU.Build.0 = Debug|Any CPU
		{E9DF6673-CF01-4C04-BE81-5D3D4B80608B}.Release|Any CPU.ActiveCfg = Release|Any CPU
		{E9DF6673-CF01-4C04-BE81-5D3D4B80608B}.Release|Any CPU.Build.0 = Release|Any CPU
		{AF95D2D5-8097-4D93-998A-A125C899EDB2}.Debug|Any CPU.ActiveCfg = Debug|Any CPU
		{AF95D2D5-8097-4D93-998A-A125C899EDB2}.Debug|Any CPU.Build.0 = Debug|Any CPU
		{AF95D2D5-8097-4D93-998A-A125C899EDB2}.Release|Any CPU.ActiveCfg = Release|Any CPU
		{AF95D2D5-8097-4D93-998A-A125C899EDB2}.Release|Any CPU.Build.0 = Release|Any CPU
		{FE5FFB4D-31E2-45D7-8A3D-B5F9AB5F63A9}.Debug|Any CPU.ActiveCfg = Debug|Any CPU
		{FE5FFB4D-31E2-45D7-8A3D-B5F9AB5F63A9}.Debug|Any CPU.Build.0 = Debug|Any CPU
		{FE5FFB4D-31E2-45D7-8A3D-B5F9AB5F63A9}.Release|Any CPU.ActiveCfg = Release|Any CPU
		{FE5FFB4D-31E2-45D7-8A3D-B5F9AB5F63A9}.Release|Any CPU.Build.0 = Release|Any CPU
	EndGlobalSection
	GlobalSection(SolutionProperties) = preSolution
		HideSolutionNode = FALSE
	EndGlobalSection
	GlobalSection(NestedProjects) = preSolution
		{DF43075D-0CA9-43AD-A640-31FA4376B564} = {4321432D-BC3C-417C-842F-74777CBB596D}
		{E9DF6673-CF01-4C04-BE81-5D3D4B80608B} = {4321432D-BC3C-417C-842F-74777CBB596D}
		{AF95D2D5-8097-4D93-998A-A125C899EDB2} = {4321432D-BC3C-417C-842F-74777CBB596D}
		{FE5FFB4D-31E2-45D7-8A3D-B5F9AB5F63A9} = {4321432D-BC3C-417C-842F-74777CBB596D}
	EndGlobalSection
	GlobalSection(ExtensibilityGlobals) = postSolution
		SolutionGuid = {E4F34FAC-668E-4313-9288-B20EA426BE01}
	EndGlobalSection
EndGlobal
